
Microsoft Visual Studio Solution File, Format Version 12.00
# Visual Studio 2012
Project("{FAE04EC0-301F-11D3-BF4B-00C04F79EFBC}") = "PinnaFace.Core", "PinnaFace.Core\PinnaFace.Core.csproj", "{3620BFB6-A577-45EF-B643-88A4691E191A}"
EndProject
Project("{FAE04EC0-301F-11D3-BF4B-00C04F79EFBC}") = "PinnaFace.DAL", "PinnaFace.DAL\PinnaFace.DAL.csproj", "{53B0C59A-4A6A-484D-B5D4-1773AFA306E5}"
	ProjectSection(ProjectDependencies) = postProject
		{3620BFB6-A577-45EF-B643-88A4691E191A} = {3620BFB6-A577-45EF-B643-88A4691E191A}
	EndProjectSection
EndProject
Project("{FAE04EC0-301F-11D3-BF4B-00C04F79EFBC}") = "PinnaFace.Reports", "PinnaFace.Reports\PinnaFace.Reports.csproj", "{77EF6A3C-204D-445C-BF39-8C1644154ACE}"
	ProjectSection(ProjectDependencies) = postProject
		{414D3063-DB59-4BFB-B3DE-522C204BE89E} = {414D3063-DB59-4BFB-B3DE-522C204BE89E}
		{0F8AEA7F-B71D-46E1-B8E9-54C988DD7140} = {0F8AEA7F-B71D-46E1-B8E9-54C988DD7140}
		{53B0C59A-4A6A-484D-B5D4-1773AFA306E5} = {53B0C59A-4A6A-484D-B5D4-1773AFA306E5}
		{3620BFB6-A577-45EF-B643-88A4691E191A} = {3620BFB6-A577-45EF-B643-88A4691E191A}
	EndProjectSection
EndProject
Project("{FAE04EC0-301F-11D3-BF4B-00C04F79EFBC}") = "PinnaFace.Service", "PinnaFace.Service\PinnaFace.Service.csproj", "{414D3063-DB59-4BFB-B3DE-522C204BE89E}"
	ProjectSection(ProjectDependencies) = postProject
		{0F8AEA7F-B71D-46E1-B8E9-54C988DD7140} = {0F8AEA7F-B71D-46E1-B8E9-54C988DD7140}
		{53B0C59A-4A6A-484D-B5D4-1773AFA306E5} = {53B0C59A-4A6A-484D-B5D4-1773AFA306E5}
		{3620BFB6-A577-45EF-B643-88A4691E191A} = {3620BFB6-A577-45EF-B643-88A4691E191A}
	EndProjectSection
EndProject
Project("{FAE04EC0-301F-11D3-BF4B-00C04F79EFBC}") = "PinnaFace.Repository", "PinnaFace.Repository\PinnaFace.Repository.csproj", "{0F8AEA7F-B71D-46E1-B8E9-54C988DD7140}"
	ProjectSection(ProjectDependencies) = postProject
		{53B0C59A-4A6A-484D-B5D4-1773AFA306E5} = {53B0C59A-4A6A-484D-B5D4-1773AFA306E5}
		{3620BFB6-A577-45EF-B643-88A4691E191A} = {3620BFB6-A577-45EF-B643-88A4691E191A}
	EndProjectSection
EndProject
Project("{FAE04EC0-301F-11D3-BF4B-00C04F79EFBC}") = "PinnaFace.WPF", "PinnaFace.WPF\PinnaFace.WPF.csproj", "{75F2B369-C76F-48E6-956A-5006A6DB557E}"
	ProjectSection(ProjectDependencies) = postProject
		{77EF6A3C-204D-445C-BF39-8C1644154ACE} = {77EF6A3C-204D-445C-BF39-8C1644154ACE}
		{414D3063-DB59-4BFB-B3DE-522C204BE89E} = {414D3063-DB59-4BFB-B3DE-522C204BE89E}
		{0F8AEA7F-B71D-46E1-B8E9-54C988DD7140} = {0F8AEA7F-B71D-46E1-B8E9-54C988DD7140}
		{53B0C59A-4A6A-484D-B5D4-1773AFA306E5} = {53B0C59A-4A6A-484D-B5D4-1773AFA306E5}
		{3620BFB6-A577-45EF-B643-88A4691E191A} = {3620BFB6-A577-45EF-B643-88A4691E191A}
	EndProjectSection
EndProject
Project("{FAE04EC0-301F-11D3-BF4B-00C04F79EFBC}") = "PinnaFace.Web", "PinnaFace.Web\PinnaFace.Web.csproj", "{3A4230C3-9DAA-4341-957D-32500C4827EC}"
	ProjectSection(ProjectDependencies) = postProject
		{77EF6A3C-204D-445C-BF39-8C1644154ACE} = {77EF6A3C-204D-445C-BF39-8C1644154ACE}
		{414D3063-DB59-4BFB-B3DE-522C204BE89E} = {414D3063-DB59-4BFB-B3DE-522C204BE89E}
		{0F8AEA7F-B71D-46E1-B8E9-54C988DD7140} = {0F8AEA7F-B71D-46E1-B8E9-54C988DD7140}
		{53B0C59A-4A6A-484D-B5D4-1773AFA306E5} = {53B0C59A-4A6A-484D-B5D4-1773AFA306E5}
		{3620BFB6-A577-45EF-B643-88A4691E191A} = {3620BFB6-A577-45EF-B643-88A4691E191A}
	EndProjectSection
EndProject
Project("{FAE04EC0-301F-11D3-BF4B-00C04F79EFBC}") = "PinnaFace.Admin", "PinnaFace.Admin\PinnaFace.Admin.csproj", "{19B88269-2044-4CCD-9285-D0711D2AF344}"
	ProjectSection(ProjectDependencies) = postProject
		{414D3063-DB59-4BFB-B3DE-522C204BE89E} = {414D3063-DB59-4BFB-B3DE-522C204BE89E}
		{0F8AEA7F-B71D-46E1-B8E9-54C988DD7140} = {0F8AEA7F-B71D-46E1-B8E9-54C988DD7140}
		{53B0C59A-4A6A-484D-B5D4-1773AFA306E5} = {53B0C59A-4A6A-484D-B5D4-1773AFA306E5}
		{3620BFB6-A577-45EF-B643-88A4691E191A} = {3620BFB6-A577-45EF-B643-88A4691E191A}
	EndProjectSection
EndProject
Project("{FAE04EC0-301F-11D3-BF4B-00C04F79EFBC}") = "PinnaFace.SyncEngine.WPF", "PinnaFace.SyncEngine.WPF\PinnaFace.SyncEngine.WPF.csproj", "{6747827E-389E-43F1-9CDE-2F27E4D7919C}"
	ProjectSection(ProjectDependencies) = postProject
		{414D3063-DB59-4BFB-B3DE-522C204BE89E} = {414D3063-DB59-4BFB-B3DE-522C204BE89E}
		{0F8AEA7F-B71D-46E1-B8E9-54C988DD7140} = {0F8AEA7F-B71D-46E1-B8E9-54C988DD7140}
		{53B0C59A-4A6A-484D-B5D4-1773AFA306E5} = {53B0C59A-4A6A-484D-B5D4-1773AFA306E5}
		{3620BFB6-A577-45EF-B643-88A4691E191A} = {3620BFB6-A577-45EF-B643-88A4691E191A}
	EndProjectSection
EndProject
Project("{6141683F-8A12-4E36-9623-2EB02B2C2303}") = "PinnaFace.Setup", "PinnaFace.Setup\PinnaFace.Setup.isproj", "{7D00D211-C304-47AC-A54B-3B14313778FB}"
	ProjectSection(ProjectDependencies) = postProject
		{75F2B369-C76F-48E6-956A-5006A6DB557E} = {75F2B369-C76F-48E6-956A-5006A6DB557E}
	EndProjectSection
EndProject
Global
	GlobalSection(SolutionConfigurationPlatforms) = preSolution
		CD_ROM|Any CPU = CD_ROM|Any CPU
		CD_ROM|Mixed Platforms = CD_ROM|Mixed Platforms
		CD_ROM|x64 = CD_ROM|x64
		CD_ROM|x86 = CD_ROM|x86
		Debug|Any CPU = Debug|Any CPU
		Debug|Mixed Platforms = Debug|Mixed Platforms
		Debug|x64 = Debug|x64
		Debug|x86 = Debug|x86
		DVD-5|Any CPU = DVD-5|Any CPU
		DVD-5|Mixed Platforms = DVD-5|Mixed Platforms
		DVD-5|x64 = DVD-5|x64
		DVD-5|x86 = DVD-5|x86
		Release|Any CPU = Release|Any CPU
		Release|Mixed Platforms = Release|Mixed Platforms
		Release|x64 = Release|x64
		Release|x86 = Release|x86
		SingleImage|Any CPU = SingleImage|Any CPU
		SingleImage|Mixed Platforms = SingleImage|Mixed Platforms
		SingleImage|x64 = SingleImage|x64
		SingleImage|x86 = SingleImage|x86
	EndGlobalSection
	GlobalSection(ProjectConfigurationPlatforms) = postSolution
		{3620BFB6-A577-45EF-B643-88A4691E191A}.CD_ROM|Any CPU.ActiveCfg = Release|Any CPU
		{3620BFB6-A577-45EF-B643-88A4691E191A}.CD_ROM|Any CPU.Build.0 = Release|Any CPU
		{3620BFB6-A577-45EF-B643-88A4691E191A}.CD_ROM|Mixed Platforms.ActiveCfg = Debug|Any CPU
		{3620BFB6-A577-45EF-B643-88A4691E191A}.CD_ROM|Mixed Platforms.Build.0 = Debug|Any CPU
		{3620BFB6-A577-45EF-B643-88A4691E191A}.CD_ROM|x64.ActiveCfg = Debug|Any CPU
		{3620BFB6-A577-45EF-B643-88A4691E191A}.CD_ROM|x86.ActiveCfg = Debug|Any CPU
		{3620BFB6-A577-45EF-B643-88A4691E191A}.Debug|Any CPU.ActiveCfg = Debug|Any CPU
		{3620BFB6-A577-45EF-B643-88A4691E191A}.Debug|Any CPU.Build.0 = Debug|Any CPU
		{3620BFB6-A577-45EF-B643-88A4691E191A}.Debug|Mixed Platforms.ActiveCfg = Debug|Any CPU
		{3620BFB6-A577-45EF-B643-88A4691E191A}.Debug|Mixed Platforms.Build.0 = Debug|Any CPU
		{3620BFB6-A577-45EF-B643-88A4691E191A}.Debug|x64.ActiveCfg = Debug|Any CPU
		{3620BFB6-A577-45EF-B643-88A4691E191A}.Debug|x86.ActiveCfg = Debug|Any CPU
		{3620BFB6-A577-45EF-B643-88A4691E191A}.DVD-5|Any CPU.ActiveCfg = Debug|Any CPU
		{3620BFB6-A577-45EF-B643-88A4691E191A}.DVD-5|Any CPU.Build.0 = Debug|Any CPU
		{3620BFB6-A577-45EF-B643-88A4691E191A}.DVD-5|Mixed Platforms.ActiveCfg = Debug|Any CPU
		{3620BFB6-A577-45EF-B643-88A4691E191A}.DVD-5|Mixed Platforms.Build.0 = Debug|Any CPU
		{3620BFB6-A577-45EF-B643-88A4691E191A}.DVD-5|x64.ActiveCfg = Debug|Any CPU
		{3620BFB6-A577-45EF-B643-88A4691E191A}.DVD-5|x86.ActiveCfg = Debug|Any CPU
		{3620BFB6-A577-45EF-B643-88A4691E191A}.Release|Any CPU.ActiveCfg = Release|Any CPU
		{3620BFB6-A577-45EF-B643-88A4691E191A}.Release|Any CPU.Build.0 = Release|Any CPU
		{3620BFB6-A577-45EF-B643-88A4691E191A}.Release|Mixed Platforms.ActiveCfg = Release|Any CPU
		{3620BFB6-A577-45EF-B643-88A4691E191A}.Release|Mixed Platforms.Build.0 = Release|Any CPU
		{3620BFB6-A577-45EF-B643-88A4691E191A}.Release|x64.ActiveCfg = Release|Any CPU
		{3620BFB6-A577-45EF-B643-88A4691E191A}.Release|x86.ActiveCfg = Release|Any CPU
		{3620BFB6-A577-45EF-B643-88A4691E191A}.SingleImage|Any CPU.ActiveCfg = Release|Any CPU
		{3620BFB6-A577-45EF-B643-88A4691E191A}.SingleImage|Any CPU.Build.0 = Release|Any CPU
		{3620BFB6-A577-45EF-B643-88A4691E191A}.SingleImage|Mixed Platforms.ActiveCfg = Debug|Any CPU
		{3620BFB6-A577-45EF-B643-88A4691E191A}.SingleImage|Mixed Platforms.Build.0 = Debug|Any CPU
		{3620BFB6-A577-45EF-B643-88A4691E191A}.SingleImage|x64.ActiveCfg = Debug|Any CPU
		{3620BFB6-A577-45EF-B643-88A4691E191A}.SingleImage|x86.ActiveCfg = Debug|Any CPU
		{53B0C59A-4A6A-484D-B5D4-1773AFA306E5}.CD_ROM|Any CPU.ActiveCfg = Release|Any CPU
		{53B0C59A-4A6A-484D-B5D4-1773AFA306E5}.CD_ROM|Any CPU.Build.0 = Release|Any CPU
		{53B0C59A-4A6A-484D-B5D4-1773AFA306E5}.CD_ROM|Mixed Platforms.ActiveCfg = Debug|Any CPU
		{53B0C59A-4A6A-484D-B5D4-1773AFA306E5}.CD_ROM|Mixed Platforms.Build.0 = Debug|Any CPU
		{53B0C59A-4A6A-484D-B5D4-1773AFA306E5}.CD_ROM|x64.ActiveCfg = Debug|Any CPU
		{53B0C59A-4A6A-484D-B5D4-1773AFA306E5}.CD_ROM|x86.ActiveCfg = Debug|Any CPU
		{53B0C59A-4A6A-484D-B5D4-1773AFA306E5}.Debug|Any CPU.ActiveCfg = Debug|Any CPU
		{53B0C59A-4A6A-484D-B5D4-1773AFA306E5}.Debug|Any CPU.Build.0 = Debug|Any CPU
		{53B0C59A-4A6A-484D-B5D4-1773AFA306E5}.Debug|Mixed Platforms.ActiveCfg = Debug|Any CPU
		{53B0C59A-4A6A-484D-B5D4-1773AFA306E5}.Debug|Mixed Platforms.Build.0 = Debug|Any CPU
		{53B0C59A-4A6A-484D-B5D4-1773AFA306E5}.Debug|x64.ActiveCfg = Debug|Any CPU
		{53B0C59A-4A6A-484D-B5D4-1773AFA306E5}.Debug|x86.ActiveCfg = Debug|Any CPU
		{53B0C59A-4A6A-484D-B5D4-1773AFA306E5}.DVD-5|Any CPU.ActiveCfg = Debug|Any CPU
		{53B0C59A-4A6A-484D-B5D4-1773AFA306E5}.DVD-5|Any CPU.Build.0 = Debug|Any CPU
		{53B0C59A-4A6A-484D-B5D4-1773AFA306E5}.DVD-5|Mixed Platforms.ActiveCfg = Debug|Any CPU
		{53B0C59A-4A6A-484D-B5D4-1773AFA306E5}.DVD-5|Mixed Platforms.Build.0 = Debug|Any CPU
		{53B0C59A-4A6A-484D-B5D4-1773AFA306E5}.DVD-5|x64.ActiveCfg = Debug|Any CPU
		{53B0C59A-4A6A-484D-B5D4-1773AFA306E5}.DVD-5|x86.ActiveCfg = Debug|Any CPU
		{53B0C59A-4A6A-484D-B5D4-1773AFA306E5}.Release|Any CPU.ActiveCfg = Release|Any CPU
		{53B0C59A-4A6A-484D-B5D4-1773AFA306E5}.Release|Any CPU.Build.0 = Release|Any CPU
		{53B0C59A-4A6A-484D-B5D4-1773AFA306E5}.Release|Mixed Platforms.ActiveCfg = Release|Any CPU
		{53B0C59A-4A6A-484D-B5D4-1773AFA306E5}.Release|Mixed Platforms.Build.0 = Release|Any CPU
		{53B0C59A-4A6A-484D-B5D4-1773AFA306E5}.Release|x64.ActiveCfg = Release|Any CPU
		{53B0C59A-4A6A-484D-B5D4-1773AFA306E5}.Release|x86.ActiveCfg = Release|Any CPU
		{53B0C59A-4A6A-484D-B5D4-1773AFA306E5}.SingleImage|Any CPU.ActiveCfg = Release|Any CPU
		{53B0C59A-4A6A-484D-B5D4-1773AFA306E5}.SingleImage|Any CPU.Build.0 = Release|Any CPU
		{53B0C59A-4A6A-484D-B5D4-1773AFA306E5}.SingleImage|Mixed Platforms.ActiveCfg = Debug|Any CPU
		{53B0C59A-4A6A-484D-B5D4-1773AFA306E5}.SingleImage|Mixed Platforms.Build.0 = Debug|Any CPU
		{53B0C59A-4A6A-484D-B5D4-1773AFA306E5}.SingleImage|x64.ActiveCfg = Debug|Any CPU
		{53B0C59A-4A6A-484D-B5D4-1773AFA306E5}.SingleImage|x86.ActiveCfg = Debug|Any CPU
		{77EF6A3C-204D-445C-BF39-8C1644154ACE}.CD_ROM|Any CPU.ActiveCfg = Release|Any CPU
		{77EF6A3C-204D-445C-BF39-8C1644154ACE}.CD_ROM|Any CPU.Build.0 = Release|Any CPU
		{77EF6A3C-204D-445C-BF39-8C1644154ACE}.CD_ROM|Mixed Platforms.ActiveCfg = Debug|Any CPU
		{77EF6A3C-204D-445C-BF39-8C1644154ACE}.CD_ROM|Mixed Platforms.Build.0 = Debug|Any CPU
		{77EF6A3C-204D-445C-BF39-8C1644154ACE}.CD_ROM|x64.ActiveCfg = Debug|Any CPU
		{77EF6A3C-204D-445C-BF39-8C1644154ACE}.CD_ROM|x86.ActiveCfg = Debug|Any CPU
		{77EF6A3C-204D-445C-BF39-8C1644154ACE}.Debug|Any CPU.ActiveCfg = Debug|Any CPU
		{77EF6A3C-204D-445C-BF39-8C1644154ACE}.Debug|Any CPU.Build.0 = Debug|Any CPU
		{77EF6A3C-204D-445C-BF39-8C1644154ACE}.Debug|Mixed Platforms.ActiveCfg = Debug|Any CPU
		{77EF6A3C-204D-445C-BF39-8C1644154ACE}.Debug|Mixed Platforms.Build.0 = Debug|Any CPU
		{77EF6A3C-204D-445C-BF39-8C1644154ACE}.Debug|x64.ActiveCfg = Debug|Any CPU
		{77EF6A3C-204D-445C-BF39-8C1644154ACE}.Debug|x86.ActiveCfg = Debug|Any CPU
		{77EF6A3C-204D-445C-BF39-8C1644154ACE}.DVD-5|Any CPU.ActiveCfg = Debug|Any CPU
		{77EF6A3C-204D-445C-BF39-8C1644154ACE}.DVD-5|Any CPU.Build.0 = Debug|Any CPU
		{77EF6A3C-204D-445C-BF39-8C1644154ACE}.DVD-5|Mixed Platforms.ActiveCfg = Debug|Any CPU
		{77EF6A3C-204D-445C-BF39-8C1644154ACE}.DVD-5|Mixed Platforms.Build.0 = Debug|Any CPU
		{77EF6A3C-204D-445C-BF39-8C1644154ACE}.DVD-5|x64.ActiveCfg = Debug|Any CPU
		{77EF6A3C-204D-445C-BF39-8C1644154ACE}.DVD-5|x86.ActiveCfg = Debug|Any CPU
		{77EF6A3C-204D-445C-BF39-8C1644154ACE}.Release|Any CPU.ActiveCfg = Release|Any CPU
		{77EF6A3C-204D-445C-BF39-8C1644154ACE}.Release|Any CPU.Build.0 = Release|Any CPU
		{77EF6A3C-204D-445C-BF39-8C1644154ACE}.Release|Mixed Platforms.ActiveCfg = Release|Any CPU
		{77EF6A3C-204D-445C-BF39-8C1644154ACE}.Release|Mixed Platforms.Build.0 = Release|Any CPU
		{77EF6A3C-204D-445C-BF39-8C1644154ACE}.Release|x64.ActiveCfg = Release|Any CPU
		{77EF6A3C-204D-445C-BF39-8C1644154ACE}.Release|x86.ActiveCfg = Release|Any CPU
		{77EF6A3C-204D-445C-BF39-8C1644154ACE}.SingleImage|Any CPU.ActiveCfg = Release|Any CPU
		{77EF6A3C-204D-445C-BF39-8C1644154ACE}.SingleImage|Any CPU.Build.0 = Release|Any CPU
		{77EF6A3C-204D-445C-BF39-8C1644154ACE}.SingleImage|Mixed Platforms.ActiveCfg = Debug|Any CPU
		{77EF6A3C-204D-445C-BF39-8C1644154ACE}.SingleImage|Mixed Platforms.Build.0 = Debug|Any CPU
		{77EF6A3C-204D-445C-BF39-8C1644154ACE}.SingleImage|x64.ActiveCfg = Debug|Any CPU
		{77EF6A3C-204D-445C-BF39-8C1644154ACE}.SingleImage|x86.ActiveCfg = Debug|Any CPU
		{414D3063-DB59-4BFB-B3DE-522C204BE89E}.CD_ROM|Any CPU.ActiveCfg = Release|Any CPU
		{414D3063-DB59-4BFB-B3DE-522C204BE89E}.CD_ROM|Any CPU.Build.0 = Release|Any CPU
		{414D3063-DB59-4BFB-B3DE-522C204BE89E}.CD_ROM|Mixed Platforms.ActiveCfg = Debug|Any CPU
		{414D3063-DB59-4BFB-B3DE-522C204BE89E}.CD_ROM|Mixed Platforms.Build.0 = Debug|Any CPU
		{414D3063-DB59-4BFB-B3DE-522C204BE89E}.CD_ROM|x64.ActiveCfg = Debug|Any CPU
		{414D3063-DB59-4BFB-B3DE-522C204BE89E}.CD_ROM|x86.ActiveCfg = Debug|Any CPU
		{414D3063-DB59-4BFB-B3DE-522C204BE89E}.Debug|Any CPU.ActiveCfg = Debug|Any CPU
		{414D3063-DB59-4BFB-B3DE-522C204BE89E}.Debug|Any CPU.Build.0 = Debug|Any CPU
		{414D3063-DB59-4BFB-B3DE-522C204BE89E}.Debug|Mixed Platforms.ActiveCfg = Debug|Any CPU
		{414D3063-DB59-4BFB-B3DE-522C204BE89E}.Debug|Mixed Platforms.Build.0 = Debug|Any CPU
		{414D3063-DB59-4BFB-B3DE-522C204BE89E}.Debug|x64.ActiveCfg = Debug|Any CPU
		{414D3063-DB59-4BFB-B3DE-522C204BE89E}.Debug|x86.ActiveCfg = Debug|Any CPU
		{414D3063-DB59-4BFB-B3DE-522C204BE89E}.DVD-5|Any CPU.ActiveCfg = Debug|Any CPU
		{414D3063-DB59-4BFB-B3DE-522C204BE89E}.DVD-5|Any CPU.Build.0 = Debug|Any CPU
		{414D3063-DB59-4BFB-B3DE-522C204BE89E}.DVD-5|Mixed Platforms.ActiveCfg = Debug|Any CPU
		{414D3063-DB59-4BFB-B3DE-522C204BE89E}.DVD-5|Mixed Platforms.Build.0 = Debug|Any CPU
		{414D3063-DB59-4BFB-B3DE-522C204BE89E}.DVD-5|x64.ActiveCfg = Debug|Any CPU
		{414D3063-DB59-4BFB-B3DE-522C204BE89E}.DVD-5|x86.ActiveCfg = Debug|Any CPU
		{414D3063-DB59-4BFB-B3DE-522C204BE89E}.Release|Any CPU.ActiveCfg = Release|Any CPU
		{414D3063-DB59-4BFB-B3DE-522C204BE89E}.Release|Any CPU.Build.0 = Release|Any CPU
		{414D3063-DB59-4BFB-B3DE-522C204BE89E}.Release|Mixed Platforms.ActiveCfg = Release|Any CPU
		{414D3063-DB59-4BFB-B3DE-522C204BE89E}.Release|Mixed Platforms.Build.0 = Release|Any CPU
		{414D3063-DB59-4BFB-B3DE-522C204BE89E}.Release|x64.ActiveCfg = Release|Any CPU
		{414D3063-DB59-4BFB-B3DE-522C204BE89E}.Release|x86.ActiveCfg = Release|Any CPU
		{414D3063-DB59-4BFB-B3DE-522C204BE89E}.SingleImage|Any CPU.ActiveCfg = Release|Any CPU
		{414D3063-DB59-4BFB-B3DE-522C204BE89E}.SingleImage|Any CPU.Build.0 = Release|Any CPU
		{414D3063-DB59-4BFB-B3DE-522C204BE89E}.SingleImage|Mixed Platforms.ActiveCfg = Debug|Any CPU
		{414D3063-DB59-4BFB-B3DE-522C204BE89E}.SingleImage|Mixed Platforms.Build.0 = Debug|Any CPU
		{414D3063-DB59-4BFB-B3DE-522C204BE89E}.SingleImage|x64.ActiveCfg = Debug|Any CPU
		{414D3063-DB59-4BFB-B3DE-522C204BE89E}.SingleImage|x86.ActiveCfg = Debug|Any CPU
		{0F8AEA7F-B71D-46E1-B8E9-54C988DD7140}.CD_ROM|Any CPU.ActiveCfg = Release|Any CPU
		{0F8AEA7F-B71D-46E1-B8E9-54C988DD7140}.CD_ROM|Any CPU.Build.0 = Release|Any CPU
		{0F8AEA7F-B71D-46E1-B8E9-54C988DD7140}.CD_ROM|Mixed Platforms.ActiveCfg = Debug|Any CPU
		{0F8AEA7F-B71D-46E1-B8E9-54C988DD7140}.CD_ROM|Mixed Platforms.Build.0 = Debug|Any CPU
		{0F8AEA7F-B71D-46E1-B8E9-54C988DD7140}.CD_ROM|x64.ActiveCfg = Debug|Any CPU
		{0F8AEA7F-B71D-46E1-B8E9-54C988DD7140}.CD_ROM|x86.ActiveCfg = Debug|Any CPU
		{0F8AEA7F-B71D-46E1-B8E9-54C988DD7140}.Debug|Any CPU.ActiveCfg = Debug|Any CPU
		{0F8AEA7F-B71D-46E1-B8E9-54C988DD7140}.Debug|Any CPU.Build.0 = Debug|Any CPU
		{0F8AEA7F-B71D-46E1-B8E9-54C988DD7140}.Debug|Mixed Platforms.ActiveCfg = Debug|Any CPU
		{0F8AEA7F-B71D-46E1-B8E9-54C988DD7140}.Debug|Mixed Platforms.Build.0 = Debug|Any CPU
		{0F8AEA7F-B71D-46E1-B8E9-54C988DD7140}.Debug|x64.ActiveCfg = Debug|Any CPU
		{0F8AEA7F-B71D-46E1-B8E9-54C988DD7140}.Debug|x86.ActiveCfg = Debug|Any CPU
		{0F8AEA7F-B71D-46E1-B8E9-54C988DD7140}.DVD-5|Any CPU.ActiveCfg = Debug|Any CPU
		{0F8AEA7F-B71D-46E1-B8E9-54C988DD7140}.DVD-5|Any CPU.Build.0 = Debug|Any CPU
		{0F8AEA7F-B71D-46E1-B8E9-54C988DD7140}.DVD-5|Mixed Platforms.ActiveCfg = Debug|Any CPU
		{0F8AEA7F-B71D-46E1-B8E9-54C988DD7140}.DVD-5|Mixed Platforms.Build.0 = Debug|Any CPU
		{0F8AEA7F-B71D-46E1-B8E9-54C988DD7140}.DVD-5|x64.ActiveCfg = Debug|Any CPU
		{0F8AEA7F-B71D-46E1-B8E9-54C988DD7140}.DVD-5|x86.ActiveCfg = Debug|Any CPU
		{0F8AEA7F-B71D-46E1-B8E9-54C988DD7140}.Release|Any CPU.ActiveCfg = Release|Any CPU
		{0F8AEA7F-B71D-46E1-B8E9-54C988DD7140}.Release|Any CPU.Build.0 = Release|Any CPU
		{0F8AEA7F-B71D-46E1-B8E9-54C988DD7140}.Release|Mixed Platforms.ActiveCfg = Release|Any CPU
		{0F8AEA7F-B71D-46E1-B8E9-54C988DD7140}.Release|Mixed Platforms.Build.0 = Release|Any CPU
		{0F8AEA7F-B71D-46E1-B8E9-54C988DD7140}.Release|x64.ActiveCfg = Release|Any CPU
		{0F8AEA7F-B71D-46E1-B8E9-54C988DD7140}.Release|x86.ActiveCfg = Release|Any CPU
		{0F8AEA7F-B71D-46E1-B8E9-54C988DD7140}.SingleImage|Any CPU.ActiveCfg = Release|Any CPU
		{0F8AEA7F-B71D-46E1-B8E9-54C988DD7140}.SingleImage|Any CPU.Build.0 = Release|Any CPU
		{0F8AEA7F-B71D-46E1-B8E9-54C988DD7140}.SingleImage|Mixed Platforms.ActiveCfg = Debug|Any CPU
		{0F8AEA7F-B71D-46E1-B8E9-54C988DD7140}.SingleImage|Mixed Platforms.Build.0 = Debug|Any CPU
		{0F8AEA7F-B71D-46E1-B8E9-54C988DD7140}.SingleImage|x64.ActiveCfg = Debug|Any CPU
		{0F8AEA7F-B71D-46E1-B8E9-54C988DD7140}.SingleImage|x86.ActiveCfg = Debug|Any CPU
		{75F2B369-C76F-48E6-956A-5006A6DB557E}.CD_ROM|Any CPU.ActiveCfg = Release|Any CPU
		{75F2B369-C76F-48E6-956A-5006A6DB557E}.CD_ROM|Any CPU.Build.0 = Release|Any CPU
		{75F2B369-C76F-48E6-956A-5006A6DB557E}.CD_ROM|Mixed Platforms.ActiveCfg = Debug|Any CPU
		{75F2B369-C76F-48E6-956A-5006A6DB557E}.CD_ROM|Mixed Platforms.Build.0 = Debug|Any CPU
		{75F2B369-C76F-48E6-956A-5006A6DB557E}.CD_ROM|x64.ActiveCfg = Debug|Any CPU
		{75F2B369-C76F-48E6-956A-5006A6DB557E}.CD_ROM|x86.ActiveCfg = Debug|Any CPU
		{75F2B369-C76F-48E6-956A-5006A6DB557E}.Debug|Any CPU.ActiveCfg = Debug|Any CPU
		{75F2B369-C76F-48E6-956A-5006A6DB557E}.Debug|Any CPU.Build.0 = Debug|Any CPU
		{75F2B369-C76F-48E6-956A-5006A6DB557E}.Debug|Mixed Platforms.ActiveCfg = Debug|x86
		{75F2B369-C76F-48E6-956A-5006A6DB557E}.Debug|Mixed Platforms.Build.0 = Debug|x86
		{75F2B369-C76F-48E6-956A-5006A6DB557E}.Debug|x64.ActiveCfg = Debug|Any CPU
		{75F2B369-C76F-48E6-956A-5006A6DB557E}.Debug|x86.ActiveCfg = Debug|Any CPU
		{75F2B369-C76F-48E6-956A-5006A6DB557E}.DVD-5|Any CPU.ActiveCfg = Debug|Any CPU
		{75F2B369-C76F-48E6-956A-5006A6DB557E}.DVD-5|Any CPU.Build.0 = Debug|Any CPU
		{75F2B369-C76F-48E6-956A-5006A6DB557E}.DVD-5|Mixed Platforms.ActiveCfg = Debug|Any CPU
		{75F2B369-C76F-48E6-956A-5006A6DB557E}.DVD-5|Mixed Platforms.Build.0 = Debug|Any CPU
		{75F2B369-C76F-48E6-956A-5006A6DB557E}.DVD-5|x64.ActiveCfg = Debug|Any CPU
		{75F2B369-C76F-48E6-956A-5006A6DB557E}.DVD-5|x86.ActiveCfg = Debug|Any CPU
		{75F2B369-C76F-48E6-956A-5006A6DB557E}.Release|Any CPU.ActiveCfg = Release|Any CPU
		{75F2B369-C76F-48E6-956A-5006A6DB557E}.Release|Any CPU.Build.0 = Release|Any CPU
		{75F2B369-C76F-48E6-956A-5006A6DB557E}.Release|Mixed Platforms.ActiveCfg = Release|Any CPU
		{75F2B369-C76F-48E6-956A-5006A6DB557E}.Release|Mixed Platforms.Build.0 = Release|Any CPU
		{75F2B369-C76F-48E6-956A-5006A6DB557E}.Release|x64.ActiveCfg = Release|Any CPU
		{75F2B369-C76F-48E6-956A-5006A6DB557E}.Release|x86.ActiveCfg = Release|Any CPU
		{75F2B369-C76F-48E6-956A-5006A6DB557E}.SingleImage|Any CPU.ActiveCfg = Release|Any CPU
		{75F2B369-C76F-48E6-956A-5006A6DB557E}.SingleImage|Any CPU.Build.0 = Release|Any CPU
		{75F2B369-C76F-48E6-956A-5006A6DB557E}.SingleImage|Mixed Platforms.ActiveCfg = Debug|Any CPU
		{75F2B369-C76F-48E6-956A-5006A6DB557E}.SingleImage|Mixed Platforms.Build.0 = Debug|Any CPU
		{75F2B369-C76F-48E6-956A-5006A6DB557E}.SingleImage|x64.ActiveCfg = Debug|Any CPU
		{75F2B369-C76F-48E6-956A-5006A6DB557E}.SingleImage|x86.ActiveCfg = Debug|Any CPU
		{3A4230C3-9DAA-4341-957D-32500C4827EC}.CD_ROM|Any CPU.ActiveCfg = Release|Any CPU
		{3A4230C3-9DAA-4341-957D-32500C4827EC}.CD_ROM|Any CPU.Build.0 = Release|Any CPU
		{3A4230C3-9DAA-4341-957D-32500C4827EC}.CD_ROM|Mixed Platforms.ActiveCfg = Debug|Any CPU
		{3A4230C3-9DAA-4341-957D-32500C4827EC}.CD_ROM|Mixed Platforms.Build.0 = Debug|Any CPU
		{3A4230C3-9DAA-4341-957D-32500C4827EC}.CD_ROM|x64.ActiveCfg = Release|Any CPU
		{3A4230C3-9DAA-4341-957D-32500C4827EC}.CD_ROM|x86.ActiveCfg = Release|Any CPU
		{3A4230C3-9DAA-4341-957D-32500C4827EC}.Debug|Any CPU.ActiveCfg = Debug|Any CPU
		{3A4230C3-9DAA-4341-957D-32500C4827EC}.Debug|Any CPU.Build.0 = Debug|Any CPU
		{3A4230C3-9DAA-4341-957D-32500C4827EC}.Debug|Mixed Platforms.ActiveCfg = Debug|Any CPU
		{3A4230C3-9DAA-4341-957D-32500C4827EC}.Debug|Mixed Platforms.Build.0 = Debug|Any CPU
		{3A4230C3-9DAA-4341-957D-32500C4827EC}.Debug|x64.ActiveCfg = Debug|Any CPU
		{3A4230C3-9DAA-4341-957D-32500C4827EC}.Debug|x86.ActiveCfg = Debug|Any CPU
		{3A4230C3-9DAA-4341-957D-32500C4827EC}.DVD-5|Any CPU.ActiveCfg = Debug|Any CPU
		{3A4230C3-9DAA-4341-957D-32500C4827EC}.DVD-5|Any CPU.Build.0 = Debug|Any CPU
		{3A4230C3-9DAA-4341-957D-32500C4827EC}.DVD-5|Mixed Platforms.ActiveCfg = Debug|Any CPU
		{3A4230C3-9DAA-4341-957D-32500C4827EC}.DVD-5|Mixed Platforms.Build.0 = Debug|Any CPU
		{3A4230C3-9DAA-4341-957D-32500C4827EC}.DVD-5|x64.ActiveCfg = Debug|Any CPU
		{3A4230C3-9DAA-4341-957D-32500C4827EC}.DVD-5|x86.ActiveCfg = Debug|Any CPU
		{3A4230C3-9DAA-4341-957D-32500C4827EC}.Release|Any CPU.ActiveCfg = Release|Any CPU
		{3A4230C3-9DAA-4341-957D-32500C4827EC}.Release|Any CPU.Build.0 = Release|Any CPU
		{3A4230C3-9DAA-4341-957D-32500C4827EC}.Release|Mixed Platforms.ActiveCfg = Release|Any CPU
		{3A4230C3-9DAA-4341-957D-32500C4827EC}.Release|Mixed Platforms.Build.0 = Release|Any CPU
		{3A4230C3-9DAA-4341-957D-32500C4827EC}.Release|x64.ActiveCfg = Release|Any CPU
		{3A4230C3-9DAA-4341-957D-32500C4827EC}.Release|x86.ActiveCfg = Release|Any CPU
		{3A4230C3-9DAA-4341-957D-32500C4827EC}.SingleImage|Any CPU.ActiveCfg = Release|Any CPU
		{3A4230C3-9DAA-4341-957D-32500C4827EC}.SingleImage|Any CPU.Build.0 = Release|Any CPU
		{3A4230C3-9DAA-4341-957D-32500C4827EC}.SingleImage|Mixed Platforms.ActiveCfg = Debug|Any CPU
		{3A4230C3-9DAA-4341-957D-32500C4827EC}.SingleImage|Mixed Platforms.Build.0 = Debug|Any CPU
		{3A4230C3-9DAA-4341-957D-32500C4827EC}.SingleImage|x64.ActiveCfg = Release|Any CPU
		{3A4230C3-9DAA-4341-957D-32500C4827EC}.SingleImage|x86.ActiveCfg = Release|Any CPU
		{19B88269-2044-4CCD-9285-D0711D2AF344}.CD_ROM|Any CPU.ActiveCfg = Release|Any CPU
		{19B88269-2044-4CCD-9285-D0711D2AF344}.CD_ROM|Any CPU.Build.0 = Release|Any CPU
		{19B88269-2044-4CCD-9285-D0711D2AF344}.CD_ROM|Mixed Platforms.ActiveCfg = Release|Any CPU
		{19B88269-2044-4CCD-9285-D0711D2AF344}.CD_ROM|Mixed Platforms.Build.0 = Release|Any CPU
		{19B88269-2044-4CCD-9285-D0711D2AF344}.CD_ROM|x64.ActiveCfg = Release|Any CPU
		{19B88269-2044-4CCD-9285-D0711D2AF344}.CD_ROM|x86.ActiveCfg = Release|Any CPU
		{19B88269-2044-4CCD-9285-D0711D2AF344}.Debug|Any CPU.ActiveCfg = Debug|Any CPU
		{19B88269-2044-4CCD-9285-D0711D2AF344}.Debug|Any CPU.Build.0 = Debug|Any CPU
		{19B88269-2044-4CCD-9285-D0711D2AF344}.Debug|Mixed Platforms.ActiveCfg = Debug|Any CPU
		{19B88269-2044-4CCD-9285-D0711D2AF344}.Debug|Mixed Platforms.Build.0 = Debug|Any CPU
		{19B88269-2044-4CCD-9285-D0711D2AF344}.Debug|x64.ActiveCfg = Debug|Any CPU
		{19B88269-2044-4CCD-9285-D0711D2AF344}.Debug|x86.ActiveCfg = Debug|Any CPU
		{19B88269-2044-4CCD-9285-D0711D2AF344}.DVD-5|Any CPU.ActiveCfg = Debug|Any CPU
		{19B88269-2044-4CCD-9285-D0711D2AF344}.DVD-5|Any CPU.Build.0 = Debug|Any CPU
		{19B88269-2044-4CCD-9285-D0711D2AF344}.DVD-5|Mixed Platforms.ActiveCfg = Debug|Any CPU
		{19B88269-2044-4CCD-9285-D0711D2AF344}.DVD-5|Mixed Platforms.Build.0 = Debug|Any CPU
		{19B88269-2044-4CCD-9285-D0711D2AF344}.DVD-5|x64.ActiveCfg = Debug|Any CPU
		{19B88269-2044-4CCD-9285-D0711D2AF344}.DVD-5|x86.ActiveCfg = Debug|Any CPU
		{19B88269-2044-4CCD-9285-D0711D2AF344}.Release|Any CPU.ActiveCfg = Release|Any CPU
		{19B88269-2044-4CCD-9285-D0711D2AF344}.Release|Any CPU.Build.0 = Release|Any CPU
		{19B88269-2044-4CCD-9285-D0711D2AF344}.Release|Mixed Platforms.ActiveCfg = Release|Any CPU
		{19B88269-2044-4CCD-9285-D0711D2AF344}.Release|Mixed Platforms.Build.0 = Release|Any CPU
		{19B88269-2044-4CCD-9285-D0711D2AF344}.Release|x64.ActiveCfg = Release|Any CPU
		{19B88269-2044-4CCD-9285-D0711D2AF344}.Release|x86.ActiveCfg = Release|Any CPU
		{19B88269-2044-4CCD-9285-D0711D2AF344}.SingleImage|Any CPU.ActiveCfg = Release|Any CPU
		{19B88269-2044-4CCD-9285-D0711D2AF344}.SingleImage|Any CPU.Build.0 = Release|Any CPU
		{19B88269-2044-4CCD-9285-D0711D2AF344}.SingleImage|Mixed Platforms.ActiveCfg = Release|Any CPU
		{19B88269-2044-4CCD-9285-D0711D2AF344}.SingleImage|Mixed Platforms.Build.0 = Release|Any CPU
		{19B88269-2044-4CCD-9285-D0711D2AF344}.SingleImage|x64.ActiveCfg = Release|Any CPU
		{19B88269-2044-4CCD-9285-D0711D2AF344}.SingleImage|x86.ActiveCfg = Release|Any CPU
		{6747827E-389E-43F1-9CDE-2F27E4D7919C}.CD_ROM|Any CPU.ActiveCfg = Release|Any CPU
		{6747827E-389E-43F1-9CDE-2F27E4D7919C}.CD_ROM|Any CPU.Build.0 = Release|Any CPU
		{6747827E-389E-43F1-9CDE-2F27E4D7919C}.CD_ROM|Mixed Platforms.ActiveCfg = Release|Any CPU
		{6747827E-389E-43F1-9CDE-2F27E4D7919C}.CD_ROM|Mixed Platforms.Build.0 = Release|Any CPU
		{6747827E-389E-43F1-9CDE-2F27E4D7919C}.CD_ROM|x64.ActiveCfg = Release|Any CPU
		{6747827E-389E-43F1-9CDE-2F27E4D7919C}.CD_ROM|x86.ActiveCfg = Release|Any CPU
		{6747827E-389E-43F1-9CDE-2F27E4D7919C}.Debug|Any CPU.ActiveCfg = Debug|Any CPU
		{6747827E-389E-43F1-9CDE-2F27E4D7919C}.Debug|Any CPU.Build.0 = Debug|Any CPU
		{6747827E-389E-43F1-9CDE-2F27E4D7919C}.Debug|Mixed Platforms.ActiveCfg = Debug|Any CPU
		{6747827E-389E-43F1-9CDE-2F27E4D7919C}.Debug|Mixed Platforms.Build.0 = Debug|Any CPU
		{6747827E-389E-43F1-9CDE-2F27E4D7919C}.Debug|x64.ActiveCfg = Debug|Any CPU
		{6747827E-389E-43F1-9CDE-2F27E4D7919C}.Debug|x86.ActiveCfg = Debug|Any CPU
		{6747827E-389E-43F1-9CDE-2F27E4D7919C}.DVD-5|Any CPU.ActiveCfg = Debug|Any CPU
		{6747827E-389E-43F1-9CDE-2F27E4D7919C}.DVD-5|Any CPU.Build.0 = Debug|Any CPU
		{6747827E-389E-43F1-9CDE-2F27E4D7919C}.DVD-5|Mixed Platforms.ActiveCfg = Debug|Any CPU
		{6747827E-389E-43F1-9CDE-2F27E4D7919C}.DVD-5|Mixed Platforms.Build.0 = Debug|Any CPU
		{6747827E-389E-43F1-9CDE-2F27E4D7919C}.DVD-5|x64.ActiveCfg = Debug|Any CPU
		{6747827E-389E-43F1-9CDE-2F27E4D7919C}.DVD-5|x86.ActiveCfg = Debug|Any CPU
		{6747827E-389E-43F1-9CDE-2F27E4D7919C}.Release|Any CPU.ActiveCfg = Release|Any CPU
		{6747827E-389E-43F1-9CDE-2F27E4D7919C}.Release|Any CPU.Build.0 = Release|Any CPU
		{6747827E-389E-43F1-9CDE-2F27E4D7919C}.Release|Mixed Platforms.ActiveCfg = Release|Any CPU
		{6747827E-389E-43F1-9CDE-2F27E4D7919C}.Release|Mixed Platforms.Build.0 = Release|Any CPU
		{6747827E-389E-43F1-9CDE-2F27E4D7919C}.Release|x64.ActiveCfg = Release|Any CPU
		{6747827E-389E-43F1-9CDE-2F27E4D7919C}.Release|x86.ActiveCfg = Release|Any CPU
		{6747827E-389E-43F1-9CDE-2F27E4D7919C}.SingleImage|Any CPU.ActiveCfg = Release|Any CPU
		{6747827E-389E-43F1-9CDE-2F27E4D7919C}.SingleImage|Any CPU.Build.0 = Release|Any CPU
		{6747827E-389E-43F1-9CDE-2F27E4D7919C}.SingleImage|Mixed Platforms.ActiveCfg = Release|Any CPU
		{6747827E-389E-43F1-9CDE-2F27E4D7919C}.SingleImage|Mixed Platforms.Build.0 = Release|Any CPU
		{6747827E-389E-43F1-9CDE-2F27E4D7919C}.SingleImage|x64.ActiveCfg = Release|Any CPU
		{6747827E-389E-43F1-9CDE-2F27E4D7919C}.SingleImage|x86.ActiveCfg = Release|Any CPU
		{7D00D211-C304-47AC-A54B-3B14313778FB}.CD_ROM|Any CPU.ActiveCfg = CD_ROM
		{7D00D211-C304-47AC-A54B-3B14313778FB}.CD_ROM|Any CPU.Build.0 = CD_ROM
		{7D00D211-C304-47AC-A54B-3B14313778FB}.CD_ROM|Mixed Platforms.ActiveCfg = CD_ROM
		{7D00D211-C304-47AC-A54B-3B14313778FB}.CD_ROM|Mixed Platforms.Build.0 = CD_ROM
		{7D00D211-C304-47AC-A54B-3B14313778FB}.CD_ROM|x64.ActiveCfg = CD_ROM
		{7D00D211-C304-47AC-A54B-3B14313778FB}.CD_ROM|x64.Build.0 = CD_ROM
		{7D00D211-C304-47AC-A54B-3B14313778FB}.CD_ROM|x86.ActiveCfg = CD_ROM
		{7D00D211-C304-47AC-A54B-3B14313778FB}.CD_ROM|x86.Build.0 = CD_ROM
		{7D00D211-C304-47AC-A54B-3B14313778FB}.Debug|Any CPU.ActiveCfg = DVD-5
		{7D00D211-C304-47AC-A54B-3B14313778FB}.Debug|Any CPU.Build.0 = DVD-5
		{7D00D211-C304-47AC-A54B-3B14313778FB}.Debug|Mixed Platforms.ActiveCfg = SingleImage
		{7D00D211-C304-47AC-A54B-3B14313778FB}.Debug|Mixed Platforms.Build.0 = SingleImage
		{7D00D211-C304-47AC-A54B-3B14313778FB}.Debug|x64.ActiveCfg = DVD-5
		{7D00D211-C304-47AC-A54B-3B14313778FB}.Debug|x64.Build.0 = DVD-5
		{7D00D211-C304-47AC-A54B-3B14313778FB}.Debug|x86.ActiveCfg = DVD-5
		{7D00D211-C304-47AC-A54B-3B14313778FB}.Debug|x86.Build.0 = DVD-5
		{7D00D211-C304-47AC-A54B-3B14313778FB}.DVD-5|Any CPU.ActiveCfg = DVD-5
		{7D00D211-C304-47AC-A54B-3B14313778FB}.DVD-5|Any CPU.Build.0 = DVD-5
		{7D00D211-C304-47AC-A54B-3B14313778FB}.DVD-5|Mixed Platforms.ActiveCfg = DVD-5
		{7D00D211-C304-47AC-A54B-3B14313778FB}.DVD-5|Mixed Platforms.Build.0 = DVD-5
		{7D00D211-C304-47AC-A54B-3B14313778FB}.DVD-5|x64.ActiveCfg = DVD-5
		{7D00D211-C304-47AC-A54B-3B14313778FB}.DVD-5|x64.Build.0 = DVD-5
		{7D00D211-C304-47AC-A54B-3B14313778FB}.DVD-5|x86.ActiveCfg = DVD-5
		{7D00D211-C304-47AC-A54B-3B14313778FB}.DVD-5|x86.Build.0 = DVD-5
		{7D00D211-C304-47AC-A54B-3B14313778FB}.Release|Any CPU.ActiveCfg = SingleImage
		{7D00D211-C304-47AC-A54B-3B14313778FB}.Release|Any CPU.Build.0 = SingleImage
		{7D00D211-C304-47AC-A54B-3B14313778FB}.Release|Mixed Platforms.ActiveCfg = SingleImage
		{7D00D211-C304-47AC-A54B-3B14313778FB}.Release|Mixed Platforms.Build.0 = SingleImage
		{7D00D211-C304-47AC-A54B-3B14313778FB}.Release|x64.ActiveCfg = SingleImage
		{7D00D211-C304-47AC-A54B-3B14313778FB}.Release|x64.Build.0 = SingleImage
		{7D00D211-C304-47AC-A54B-3B14313778FB}.Release|x86.ActiveCfg = SingleImage
		{7D00D211-C304-47AC-A54B-3B14313778FB}.Release|x86.Build.0 = SingleImage
		{7D00D211-C304-47AC-A54B-3B14313778FB}.SingleImage|Any CPU.ActiveCfg = SingleImage
		{7D00D211-C304-47AC-A54B-3B14313778FB}.SingleImage|Any CPU.Build.0 = SingleImage
		{7D00D211-C304-47AC-A54B-3B14313778FB}.SingleImage|Mixed Platforms.ActiveCfg = SingleImage
		{7D00D211-C304-47AC-A54B-3B14313778FB}.SingleImage|Mixed Platforms.Build.0 = SingleImage
		{7D00D211-C304-47AC-A54B-3B14313778FB}.SingleImage|x64.ActiveCfg = SingleImage
		{7D00D211-C304-47AC-A54B-3B14313778FB}.SingleImage|x64.Build.0 = SingleImage
		{7D00D211-C304-47AC-A54B-3B14313778FB}.SingleImage|x86.ActiveCfg = SingleImage
		{7D00D211-C304-47AC-A54B-3B14313778FB}.SingleImage|x86.Build.0 = SingleImage
	EndGlobalSection
	GlobalSection(SolutionProperties) = preSolution
		HideSolutionNode = FALSE
	EndGlobalSection
EndGlobal
